{
    "_readme": [
        "This file locks the dependencies of your project to a known state",
        "Read more about it at https://getcomposer.org/doc/01-basic-usage.md#installing-dependencies",
        "This file is @generated automatically"
    ],
    "content-hash": "cffc85388a42019697d8f1ecd18d372d",
    "packages": [
        {
            "name": "aws/aws-php-sns-message-validator",
            "version": "1.6.0",
            "source": {
                "type": "git",
                "url": "https://github.com/aws/aws-php-sns-message-validator.git",
                "reference": "ba6810807ac8936317021ccc14cdb1297d525ae1"
            },
            "dist": {
                "type": "zip",
                "url": "https://api.github.com/repos/aws/aws-php-sns-message-validator/zipball/ba6810807ac8936317021ccc14cdb1297d525ae1",
                "reference": "ba6810807ac8936317021ccc14cdb1297d525ae1",
                "shasum": ""
            },
            "require": {
                "ext-openssl": "*",
                "php": ">=5.4",
                "psr/http-message": "^1.0"
            },
            "require-dev": {
                "guzzlehttp/psr7": "^1.4",
                "phpunit/phpunit": "^4.0",
                "squizlabs/php_codesniffer": "^2.3"
            },
            "type": "library",
            "autoload": {
                "psr-4": {
                    "Aws\\Sns\\": "src/"
                }
            },
            "notification-url": "https://packagist.org/downloads/",
            "license": [
                "Apache-2.0"
            ],
            "authors": [
                {
                    "name": "Amazon Web Services",
                    "homepage": "http://aws.amazon.com"
                }
            ],
            "description": "Amazon SNS message validation for PHP",
            "homepage": "http://aws.amazon.com/sdkforphp",
            "keywords": [
                "SNS",
                "amazon",
                "aws",
                "cloud",
                "message",
                "sdk",
                "webhooks"
            ],
            "support": {
                "forum": "https://forums.aws.amazon.com/forum.jspa?forumID=80",
                "issues": "https://github.com/aws/aws-sns-message-validator/issues",
                "source": "https://github.com/aws/aws-php-sns-message-validator/tree/master"
            },
            "time": "2019-11-08T16:44:11+00:00"
        },
        {
            "name": "psr/http-message",
            "version": "1.0.1",
            "source": {
                "type": "git",
                "url": "https://github.com/php-fig/http-message.git",
                "reference": "f6561bf28d520154e4b0ec72be95418abe6d9363"
            },
            "dist": {
                "type": "zip",
                "url": "https://api.github.com/repos/php-fig/http-message/zipball/f6561bf28d520154e4b0ec72be95418abe6d9363",
                "reference": "f6561bf28d520154e4b0ec72be95418abe6d9363",
                "shasum": ""
            },
            "require": {
                "php": ">=5.3.0"
            },
            "type": "library",
            "extra": {
                "branch-alias": {
                    "dev-master": "1.0.x-dev"
                }
            },
            "autoload": {
                "psr-4": {
                    "Psr\\Http\\Message\\": "src/"
                }
            },
            "notification-url": "https://packagist.org/downloads/",
            "license": [
                "MIT"
            ],
            "authors": [
                {
                    "name": "PHP-FIG",
                    "homepage": "http://www.php-fig.org/"
                }
            ],
            "description": "Common interface for HTTP messages",
            "homepage": "https://github.com/php-fig/http-message",
            "keywords": [
                "http",
                "http-message",
                "psr",
                "psr-7",
                "request",
                "response"
            ],
            "support": {
                "source": "https://github.com/php-fig/http-message/tree/master"
            },
            "time": "2016-08-06T14:39:51+00:00"
        }
    ],
    "packages-dev": [],
    "aliases": [],
    "minimum-stability": "stable",
    "stability-flags": [],
    "prefer-stable": false,
    "prefer-lowest": false,
    "platform": [],
    "platform-dev": [],
    "plugin-api-version": "2.0.0"
}
